
Microsoft Visual Studio Solution File, Format Version 12.00
Project("{FAE04EC0-301F-11D3-BF4B-00C04F79EFBC}") = "QoiConverter", "QoiConverter\QoiConverter.csproj", "{C7217281-7B20-43F6-8E09-1DB899875847}"
EndProject
Global
	GlobalSection(SolutionConfigurationPlatforms) = preSolution
		Debug|Any CPU = Debug|Any CPU
		Release|Any CPU = Release|Any CPU
	EndGlobalSection
	GlobalSection(ProjectConfigurationPlatforms) = postSolution
		{C7217281-7B20-43F6-8E09-1DB899875847}.Debug|Any CPU.ActiveCfg = Debug|Any CPU
		{C7217281-7B20-43F6-8E09-1DB899875847}.Debug|Any CPU.Build.0 = Debug|Any CPU
		{C7217281-7B20-43F6-8E09-1DB899875847}.Release|Any CPU.ActiveCfg = Release|Any CPU
		{C7217281-7B20-43F6-8E09-1DB899875847}.Release|Any CPU.Build.0 = Release|Any CPU
	EndGlobalSection
EndGlobal
